
Microsoft Visual Studio Solution File, Format Version 12.00
# Visual Studio Version 16
VisualStudioVersion = 16.0.31205.134
MinimumVisualStudioVersion = 10.0.40219.1
Project("{FAE04EC0-301F-11D3-BF4B-00C04F79EFBC}") = "Matriz triangular inferior", "Matriz triangular inferior.csproj", "{C3123FBE-9177-4EB4-B6ED-DA43F67ECBE2}"
EndProject
Global
	GlobalSection(SolutionConfigurationPlatforms) = preSolution
		Debug|Any CPU = Debug|Any CPU
		Release|Any CPU = Release|Any CPU
	EndGlobalSection
	GlobalSection(ProjectConfigurationPlatforms) = postSolution
		{C3123FBE-9177-4EB4-B6ED-DA43F67ECBE2}.Debug|Any CPU.ActiveCfg = Debug|Any CPU
		{C3123FBE-9177-4EB4-B6ED-DA43F67ECBE2}.Debug|Any CPU.Build.0 = Debug|Any CPU
		{C3123FBE-9177-4EB4-B6ED-DA43F67ECBE2}.Release|Any CPU.ActiveCfg = Release|Any CPU
		{C3123FBE-9177-4EB4-B6ED-DA43F67ECBE2}.Release|Any CPU.Build.0 = Release|Any CPU
	EndGlobalSection
	GlobalSection(SolutionProperties) = preSolution
		HideSolutionNode = FALSE
	EndGlobalSection
	GlobalSection(ExtensibilityGlobals) = postSolution
		SolutionGuid = {4C876B55-0489-4E98-A52B-D511717B2C8C}
	EndGlobalSection
EndGlobal
